
Microsoft Visual Studio Solution File, Format Version 12.00
# Visual Studio Version 17
VisualStudioVersion = 17.8.34525.116
MinimumVisualStudioVersion = 10.0.40219.1
Project("{FAE04EC0-301F-11D3-BF4B-00C04F79EFBC}") = "Zoo", "Zoo\Zoo.csproj", "{D226698F-0BB0-48A2-9C7B-93FAAEFAE70B}"
EndProject
Global
	GlobalSection(SolutionConfigurationPlatforms) = preSolution
		Debug|Any CPU = Debug|Any CPU
		Release|Any CPU = Release|Any CPU
	EndGlobalSection
	GlobalSection(ProjectConfigurationPlatforms) = postSolution
		{D226698F-0BB0-48A2-9C7B-93FAAEFAE70B}.Debug|Any CPU.ActiveCfg = Debug|Any CPU
		{D226698F-0BB0-48A2-9C7B-93FAAEFAE70B}.Debug|Any CPU.Build.0 = Debug|Any CPU
		{D226698F-0BB0-48A2-9C7B-93FAAEFAE70B}.Release|Any CPU.ActiveCfg = Release|Any CPU
		{D226698F-0BB0-48A2-9C7B-93FAAEFAE70B}.Release|Any CPU.Build.0 = Release|Any CPU
	EndGlobalSection
	GlobalSection(SolutionProperties) = preSolution
		HideSolutionNode = FALSE
	EndGlobalSection
	GlobalSection(ExtensibilityGlobals) = postSolution
		SolutionGuid = {144C3DC2-2EB7-48AE-BD61-99A0A1263435}
	EndGlobalSection
EndGlobal
